// !$*UTF8*$!
{
	archiveVersion = 1;
	classes = {
	};
	objectVersion = 46;
	objects = {

/* Begin PBXBuildFile section */
		448F5B51BDF885B41AE6202B /* Pods_PhotoWall_PhotoWallTests.framework in Frameworks */ = {isa = PBXBuildFile; fileRef = 8D179AC33B272886C9CCD324 /* Pods_PhotoWall_PhotoWallTests.framework */; };
		6539F57B1EC557040096E016 /* main.m in Sources */ = {isa = PBXBuildFile; fileRef = 6539F57A1EC557040096E016 /* main.m */; };
		6539F57E1EC557040096E016 /* AppDelegate.m in Sources */ = {isa = PBXBuildFile; fileRef = 6539F57D1EC557040096E016 /* AppDelegate.m */; };
		6539F5811EC557040096E016 /* ViewController.m in Sources */ = {isa = PBXBuildFile; fileRef = 6539F5801EC557040096E016 /* ViewController.m */; };
		6539F5841EC557040096E016 /* Main.storyboard in Resources */ = {isa = PBXBuildFile; fileRef = 6539F5821EC557040096E016 /* Main.storyboard */; };
		6539F5871EC557040096E016 /* PhotoWall.xcdatamodeld in Sources */ = {isa = PBXBuildFile; fileRef = 6539F5851EC557040096E016 /* PhotoWall.xcdatamodeld */; };
		6539F5891EC557040096E016 /* Assets.xcassets in Resources */ = {isa = PBXBuildFile; fileRef = 6539F5881EC557040096E016 /* Assets.xcassets */; };
		6539F58C1EC557040096E016 /* LaunchScreen.storyboard in Resources */ = {isa = PBXBuildFile; fileRef = 6539F58A1EC557040096E016 /* LaunchScreen.storyboard */; };
		6539F5971EC557040096E016 /* PhotoWallTests.m in Sources */ = {isa = PBXBuildFile; fileRef = 6539F5961EC557040096E016 /* PhotoWallTests.m */; };
		65E072FD1EC59A05000DEE6A /* RestClient.m in Sources */ = {isa = PBXBuildFile; fileRef = 65E072FC1EC59A05000DEE6A /* RestClient.m */; };
		65E073031EC59B30000DEE6A /* RestRequest.m in Sources */ = {isa = PBXBuildFile; fileRef = 65E073021EC59B30000DEE6A /* RestRequest.m */; };
		65E073061EC5A162000DEE6A /* RestResponse.m in Sources */ = {isa = PBXBuildFile; fileRef = 65E073051EC5A162000DEE6A /* RestResponse.m */; };
		65E073091EC5A8C9000DEE6A /* RestRequestTests.m in Sources */ = {isa = PBXBuildFile; fileRef = 65E073081EC5A8C9000DEE6A /* RestRequestTests.m */; };
		65E0730B1EC5AF61000DEE6A /* MaskView.xib in Resources */ = {isa = PBXBuildFile; fileRef = 65E0730A1EC5AF61000DEE6A /* MaskView.xib */; };
		65E0730F1EC5B028000DEE6A /* LoginViewController.m in Sources */ = {isa = PBXBuildFile; fileRef = 65E0730D1EC5B028000DEE6A /* LoginViewController.m */; };
		65E073101EC5B028000DEE6A /* LoginViewController.xib in Resources */ = {isa = PBXBuildFile; fileRef = 65E0730E1EC5B028000DEE6A /* LoginViewController.xib */; };
		65E073121EC5B38A000DEE6A /* Media.xcassets in Resources */ = {isa = PBXBuildFile; fileRef = 65E073111EC5B38A000DEE6A /* Media.xcassets */; };
		65E0731A1ED838DB000DEE6A /* User.m in Sources */ = {isa = PBXBuildFile; fileRef = 65E073191ED838DB000DEE6A /* User.m */; };
		65E0731E1ED8395D000DEE6A /* _User.m in Sources */ = {isa = PBXBuildFile; fileRef = 65E0731D1ED8395D000DEE6A /* _User.m */; };
		65E073211ED83C2D000DEE6A /* Mapping1-2.xcmappingmodel in Sources */ = {isa = PBXBuildFile; fileRef = 65E073201ED83C2D000DEE6A /* Mapping1-2.xcmappingmodel */; };
		65E073241ED85FBF000DEE6A /* AccountManager.m in Sources */ = {isa = PBXBuildFile; fileRef = 65E073231ED85FBF000DEE6A /* AccountManager.m */; };
		65E073491ED8607D000DEE6A /* AnnotationCallOutView.m in Sources */ = {isa = PBXBuildFile; fileRef = 65E073261ED8607D000DEE6A /* AnnotationCallOutView.m */; };
		65E0734A1ED8607D000DEE6A /* AnnotationCallOutView.xib in Resources */ = {isa = PBXBuildFile; fileRef = 65E073271ED8607D000DEE6A /* AnnotationCallOutView.xib */; };
		65E0734B1ED8607D000DEE6A /* FriendCell.m in Sources */ = {isa = PBXBuildFile; fileRef = 65E073291ED8607D000DEE6A /* FriendCell.m */; };
		65E0734C1ED8607D000DEE6A /* FriendCell.xib in Resources */ = {isa = PBXBuildFile; fileRef = 65E0732A1ED8607D000DEE6A /* FriendCell.xib */; };
		65E0734D1ED8607D000DEE6A /* FriendsListView.xib in Resources */ = {isa = PBXBuildFile; fileRef = 65E0732B1ED8607D000DEE6A /* FriendsListView.xib */; };
		65E0734E1ED8607D000DEE6A /* FriendsViewController.m in Sources */ = {isa = PBXBuildFile; fileRef = 65E0732D1ED8607D000DEE6A /* FriendsViewController.m */; };
		65E0734F1ED8607D000DEE6A /* LoginView.xib in Resources */ = {isa = PBXBuildFile; fileRef = 65E0732E1ED8607D000DEE6A /* LoginView.xib */; };
		65E073501ED8607D000DEE6A /* PhotoAnnotation.m in Sources */ = {isa = PBXBuildFile; fileRef = 65E073301ED8607D000DEE6A /* PhotoAnnotation.m */; };
		65E073511ED8607D000DEE6A /* PhotoCell.m in Sources */ = {isa = PBXBuildFile; fileRef = 65E073321ED8607D000DEE6A /* PhotoCell.m */; };
		65E073521ED8607D000DEE6A /* PhotoCell.xib in Resources */ = {isa = PBXBuildFile; fileRef = 65E073331ED8607D000DEE6A /* PhotoCell.xib */; };
		65E073531ED8607D000DEE6A /* PhotoGridSectionHeader.m in Sources */ = {isa = PBXBuildFile; fileRef = 65E073351ED8607D000DEE6A /* PhotoGridSectionHeader.m */; };
		65E073541ED8607D000DEE6A /* PhotoGridSectionHeader.xib in Resources */ = {isa = PBXBuildFile; fileRef = 65E073361ED8607D000DEE6A /* PhotoGridSectionHeader.xib */; };
		65E073551ED8607D000DEE6A /* PhotoGridView.xib in Resources */ = {isa = PBXBuildFile; fileRef = 65E073371ED8607D000DEE6A /* PhotoGridView.xib */; };
		65E073561ED8607D000DEE6A /* PhotoGridViewController.m in Sources */ = {isa = PBXBuildFile; fileRef = 65E073391ED8607D000DEE6A /* PhotoGridViewController.m */; };
		65E073571ED8607D000DEE6A /* PhotoMapView.xib in Resources */ = {isa = PBXBuildFile; fileRef = 65E0733A1ED8607D000DEE6A /* PhotoMapView.xib */; };
		65E073581ED8607D000DEE6A /* PhotoMapViewController.m in Sources */ = {isa = PBXBuildFile; fileRef = 65E0733C1ED8607D000DEE6A /* PhotoMapViewController.m */; };
		65E073591ED8607D000DEE6A /* PhotoShowcaseCell.m in Sources */ = {isa = PBXBuildFile; fileRef = 65E0733E1ED8607D000DEE6A /* PhotoShowcaseCell.m */; };
		65E0735A1ED8607D000DEE6A /* PhotoShowcaseCell.xib in Resources */ = {isa = PBXBuildFile; fileRef = 65E0733F1ED8607D000DEE6A /* PhotoShowcaseCell.xib */; };
		65E0735B1ED8607D000DEE6A /* PhotoShowcaseView.xib in Resources */ = {isa = PBXBuildFile; fileRef = 65E073401ED8607D000DEE6A /* PhotoShowcaseView.xib */; };
		65E0735C1ED8607D000DEE6A /* PhotoShowcaseViewController.m in Sources */ = {isa = PBXBuildFile; fileRef = 65E073421ED8607D000DEE6A /* PhotoShowcaseViewController.m */; };
		65E0735D1ED8607D000DEE6A /* ProfileView.xib in Resources */ = {isa = PBXBuildFile; fileRef = 65E073431ED8607D000DEE6A /* ProfileView.xib */; };
		65E0735E1ED8607D000DEE6A /* ProfileViewController.m in Sources */ = {isa = PBXBuildFile; fileRef = 65E073451ED8607D000DEE6A /* ProfileViewController.m */; };
		65E0735F1ED8607D000DEE6A /* RootView.xib in Resources */ = {isa = PBXBuildFile; fileRef = 65E073461ED8607D000DEE6A /* RootView.xib */; };
		65E073601ED8607D000DEE6A /* RootViewController.m in Sources */ = {isa = PBXBuildFile; fileRef = 65E073481ED8607D000DEE6A /* RootViewController.m */; };
		65E073651ED861BF000DEE6A /* UserManager.m in Sources */ = {isa = PBXBuildFile; fileRef = 65E073641ED861BF000DEE6A /* UserManager.m */; };
		65E073751ED86565000DEE6A /* NSDate+Utils.m in Sources */ = {isa = PBXBuildFile; fileRef = 65E073681ED86564000DEE6A /* NSDate+Utils.m */; };
		65E073761ED86565000DEE6A /* NSString+Utils.m in Sources */ = {isa = PBXBuildFile; fileRef = 65E0736A1ED86564000DEE6A /* NSString+Utils.m */; };
		65E073771ED86565000DEE6A /* PhotoMapRegion+Utils.m in Sources */ = {isa = PBXBuildFile; fileRef = 65E0736C1ED86564000DEE6A /* PhotoMapRegion+Utils.m */; };
		65E073781ED86565000DEE6A /* UIColor+Defaults.m in Sources */ = {isa = PBXBuildFile; fileRef = 65E0736E1ED86564000DEE6A /* UIColor+Defaults.m */; };
		65E073791ED86565000DEE6A /* UIImageView+WebImage.m in Sources */ = {isa = PBXBuildFile; fileRef = 65E073701ED86564000DEE6A /* UIImageView+WebImage.m */; };
		65E0737A1ED86565000DEE6A /* UIView+Utils.m in Sources */ = {isa = PBXBuildFile; fileRef = 65E073721ED86564000DEE6A /* UIView+Utils.m */; };
		65E0737B1ED86565000DEE6A /* UIViewController+Mask.m in Sources */ = {isa = PBXBuildFile; fileRef = 65E073741ED86565000DEE6A /* UIViewController+Mask.m */; };
		65E073821ED865F7000DEE6A /* Photo.m in Sources */ = {isa = PBXBuildFile; fileRef = 65E0737D1ED865F7000DEE6A /* Photo.m */; };
		65E073831ED865F7000DEE6A /* PhotoManager.m in Sources */ = {isa = PBXBuildFile; fileRef = 65E0737F1ED865F7000DEE6A /* PhotoManager.m */; };
		65E073841ED865F7000DEE6A /* PhotoMapRegion.m in Sources */ = {isa = PBXBuildFile; fileRef = 65E073811ED865F7000DEE6A /* PhotoMapRegion.m */; };
		65E073891ED866B0000DEE6A /* KeyChainSecuredAuthenticator.m in Sources */ = {isa = PBXBuildFile; fileRef = 65E073871ED866B0000DEE6A /* KeyChainSecuredAuthenticator.m */; };
		65E0738D1ED86DFA000DEE6A /* LocationAwarePhotoUploadTask.m in Sources */ = {isa = PBXBuildFile; fileRef = 65E0738C1ED86DFA000DEE6A /* LocationAwarePhotoUploadTask.m */; };
		FF0571E6F9544F7ED6D82A2E /* Pods_PhotoWall.framework in Frameworks */ = {isa = PBXBuildFile; fileRef = C15C7C75A89E98C4E0B0BA5F /* Pods_PhotoWall.framework */; };
/* End PBXBuildFile section */

/* Begin PBXContainerItemProxy section */
		6539F5931EC557040096E016 /* PBXContainerItemProxy */ = {
			isa = PBXContainerItemProxy;
			containerPortal = 6539F56E1EC557040096E016 /* Project object */;
			proxyType = 1;
			remoteGlobalIDString = 6539F5751EC557040096E016;
			remoteInfo = PhotoWall;
		};
/* End PBXContainerItemProxy section */

/* Begin PBXFileReference section */
		6539F5761EC557040096E016 /* PhotoWall.app */ = {isa = PBXFileReference; explicitFileType = wrapper.application; includeInIndex = 0; path = PhotoWall.app; sourceTree = BUILT_PRODUCTS_DIR; };
		6539F57A1EC557040096E016 /* main.m */ = {isa = PBXFileReference; lastKnownFileType = sourcecode.c.objc; path = main.m; sourceTree = "<group>"; };
		6539F57C1EC557040096E016 /* AppDelegate.h */ = {isa = PBXFileReference; lastKnownFileType = sourcecode.c.h; path = AppDelegate.h; sourceTree = "<group>"; };
		6539F57D1EC557040096E016 /* AppDelegate.m */ = {isa = PBXFileReference; lastKnownFileType = sourcecode.c.objc; path = AppDelegate.m; sourceTree = "<group>"; };
		6539F57F1EC557040096E016 /* ViewController.h */ = {isa = PBXFileReference; lastKnownFileType = sourcecode.c.h; path = ViewController.h; sourceTree = "<group>"; };
		6539F5801EC557040096E016 /* ViewController.m */ = {isa = PBXFileReference; lastKnownFileType = sourcecode.c.objc; path = ViewController.m; sourceTree = "<group>"; };
		6539F5831EC557040096E016 /* Base */ = {isa = PBXFileReference; lastKnownFileType = file.storyboard; name = Base; path = Base.lproj/Main.storyboard; sourceTree = "<group>"; };
		6539F5861EC557040096E016 /* PhotoWall.xcdatamodel */ = {isa = PBXFileReference; lastKnownFileType = wrapper.xcdatamodel; path = PhotoWall.xcdatamodel; sourceTree = "<group>"; };
		6539F5881EC557040096E016 /* Assets.xcassets */ = {isa = PBXFileReference; lastKnownFileType = folder.assetcatalog; path = Assets.xcassets; sourceTree = "<group>"; };
		6539F58B1EC557040096E016 /* Base */ = {isa = PBXFileReference; lastKnownFileType = file.storyboard; name = Base; path = Base.lproj/LaunchScreen.storyboard; sourceTree = "<group>"; };
		6539F58D1EC557040096E016 /* Info.plist */ = {isa = PBXFileReference; lastKnownFileType = text.plist.xml; path = Info.plist; sourceTree = "<group>"; };
		6539F5921EC557040096E016 /* PhotoWallTests.xctest */ = {isa = PBXFileReference; explicitFileType = wrapper.cfbundle; includeInIndex = 0; path = PhotoWallTests.xctest; sourceTree = BUILT_PRODUCTS_DIR; };
		6539F5961EC557040096E016 /* PhotoWallTests.m */ = {isa = PBXFileReference; lastKnownFileType = sourcecode.c.objc; path = PhotoWallTests.m; sourceTree = "<group>"; };
		6539F5981EC557040096E016 /* Info.plist */ = {isa = PBXFileReference; lastKnownFileType = text.plist.xml; path = Info.plist; sourceTree = "<group>"; };
		65E072FB1EC59A05000DEE6A /* RestClient.h */ = {isa = PBXFileReference; fileEncoding = 4; lastKnownFileType = sourcecode.c.h; name = RestClient.h; path = RestClient/RestClient.h; sourceTree = SOURCE_ROOT; };
		65E072FC1EC59A05000DEE6A /* RestClient.m */ = {isa = PBXFileReference; fileEncoding = 4; lastKnownFileType = sourcecode.c.objc; name = RestClient.m; path = RestClient/RestClient.m; sourceTree = SOURCE_ROOT; };
		65E073011EC59B30000DEE6A /* RestRequest.h */ = {isa = PBXFileReference; fileEncoding = 4; lastKnownFileType = sourcecode.c.h; name = RestRequest.h; path = RestClient/RestRequest.h; sourceTree = SOURCE_ROOT; };
		65E073021EC59B30000DEE6A /* RestRequest.m */ = {isa = PBXFileReference; fileEncoding = 4; lastKnownFileType = sourcecode.c.objc; name = RestRequest.m; path = RestClient/RestRequest.m; sourceTree = SOURCE_ROOT; };
		65E073041EC5A162000DEE6A /* RestResponse.h */ = {isa = PBXFileReference; fileEncoding = 4; lastKnownFileType = sourcecode.c.h; name = RestResponse.h; path = RestClient/RestResponse.h; sourceTree = SOURCE_ROOT; };
		65E073051EC5A162000DEE6A /* RestResponse.m */ = {isa = PBXFileReference; fileEncoding = 4; lastKnownFileType = sourcecode.c.objc; name = RestResponse.m; path = RestClient/RestResponse.m; sourceTree = SOURCE_ROOT; };
		65E073081EC5A8C9000DEE6A /* RestRequestTests.m */ = {isa = PBXFileReference; fileEncoding = 4; lastKnownFileType = sourcecode.c.objc; name = RestRequestTests.m; path = RestClient/RestRequestTests.m; sourceTree = SOURCE_ROOT; };
		65E0730A1EC5AF61000DEE6A /* MaskView.xib */ = {isa = PBXFileReference; fileEncoding = 4; lastKnownFileType = file.xib; name = MaskView.xib; path = View/MaskView.xib; sourceTree = SOURCE_ROOT; };
		65E0730C1EC5B028000DEE6A /* LoginViewController.h */ = {isa = PBXFileReference; fileEncoding = 4; lastKnownFileType = sourcecode.c.h; name = LoginViewController.h; path = View/LoginViewController.h; sourceTree = SOURCE_ROOT; };
		65E0730D1EC5B028000DEE6A /* LoginViewController.m */ = {isa = PBXFileReference; fileEncoding = 4; lastKnownFileType = sourcecode.c.objc; name = LoginViewController.m; path = View/LoginViewController.m; sourceTree = SOURCE_ROOT; };
		65E0730E1EC5B028000DEE6A /* LoginViewController.xib */ = {isa = PBXFileReference; fileEncoding = 4; lastKnownFileType = file.xib; name = LoginViewController.xib; path = View/LoginViewController.xib; sourceTree = SOURCE_ROOT; };
		65E073111EC5B38A000DEE6A /* Media.xcassets */ = {isa = PBXFileReference; lastKnownFileType = folder.assetcatalog; name = Media.xcassets; path = "Ｍodel/Media.xcassets"; sourceTree = "<group>"; };
		65E073181ED838DB000DEE6A /* User.h */ = {isa = PBXFileReference; fileEncoding = 4; lastKnownFileType = sourcecode.c.h; name = User.h; path = Model/User.h; sourceTree = "<group>"; };
		65E073191ED838DB000DEE6A /* User.m */ = {isa = PBXFileReference; fileEncoding = 4; lastKnownFileType = sourcecode.c.objc; name = User.m; path = Model/User.m; sourceTree = "<group>"; };
		65E0731C1ED8395D000DEE6A /* _User.h */ = {isa = PBXFileReference; fileEncoding = 4; lastKnownFileType = sourcecode.c.h; name = _User.h; path = CoreData/_User.h; sourceTree = "<group>"; };
		65E0731D1ED8395D000DEE6A /* _User.m */ = {isa = PBXFileReference; fileEncoding = 4; lastKnownFileType = sourcecode.c.objc; name = _User.m; path = CoreData/_User.m; sourceTree = "<group>"; };
		65E0731F1ED83B45000DEE6A /* PhotoWall 2.xcdatamodel */ = {isa = PBXFileReference; lastKnownFileType = wrapper.xcdatamodel; path = "PhotoWall 2.xcdatamodel"; sourceTree = "<group>"; };
		65E073201ED83C2D000DEE6A /* Mapping1-2.xcmappingmodel */ = {isa = PBXFileReference; lastKnownFileType = wrapper.xcmappingmodel; path = "Mapping1-2.xcmappingmodel"; sourceTree = "<group>"; };
		65E073221ED85FBF000DEE6A /* AccountManager.h */ = {isa = PBXFileReference; fileEncoding = 4; lastKnownFileType = sourcecode.c.h; name = AccountManager.h; path = Model/AccountManager.h; sourceTree = "<group>"; };
		65E073231ED85FBF000DEE6A /* AccountManager.m */ = {isa = PBXFileReference; fileEncoding = 4; lastKnownFileType = sourcecode.c.objc; name = AccountManager.m; path = Model/AccountManager.m; sourceTree = "<group>"; };
		65E073251ED8607D000DEE6A /* AnnotationCallOutView.h */ = {isa = PBXFileReference; fileEncoding = 4; lastKnownFileType = sourcecode.c.h; name = AnnotationCallOutView.h; path = View/AnnotationCallOutView.h; sourceTree = SOURCE_ROOT; };
		65E073261ED8607D000DEE6A /* AnnotationCallOutView.m */ = {isa = PBXFileReference; fileEncoding = 4; lastKnownFileType = sourcecode.c.objc; name = AnnotationCallOutView.m; path = View/AnnotationCallOutView.m; sourceTree = SOURCE_ROOT; };
		65E073271ED8607D000DEE6A /* AnnotationCallOutView.xib */ = {isa = PBXFileReference; fileEncoding = 4; lastKnownFileType = file.xib; name = AnnotationCallOutView.xib; path = View/AnnotationCallOutView.xib; sourceTree = SOURCE_ROOT; };
		65E073281ED8607D000DEE6A /* FriendCell.h */ = {isa = PBXFileReference; fileEncoding = 4; lastKnownFileType = sourcecode.c.h; name = FriendCell.h; path = View/FriendCell.h; sourceTree = SOURCE_ROOT; };
		65E073291ED8607D000DEE6A /* FriendCell.m */ = {isa = PBXFileReference; fileEncoding = 4; lastKnownFileType = sourcecode.c.objc; name = FriendCell.m; path = View/FriendCell.m; sourceTree = SOURCE_ROOT; };
		65E0732A1ED8607D000DEE6A /* FriendCell.xib */ = {isa = PBXFileReference; fileEncoding = 4; lastKnownFileType = file.xib; name = FriendCell.xib; path = View/FriendCell.xib; sourceTree = SOURCE_ROOT; };
		65E0732B1ED8607D000DEE6A /* FriendsListView.xib */ = {isa = PBXFileReference; fileEncoding = 4; lastKnownFileType = file.xib; name = FriendsListView.xib; path = View/FriendsListView.xib; sourceTree = SOURCE_ROOT; };
		65E0732C1ED8607D000DEE6A /* FriendsViewController.h */ = {isa = PBXFileReference; fileEncoding = 4; lastKnownFileType = sourcecode.c.h; name = FriendsViewController.h; path = View/FriendsViewController.h; sourceTree = SOURCE_ROOT; };
		65E0732D1ED8607D000DEE6A /* FriendsViewController.m */ = {isa = PBXFileReference; fileEncoding = 4; lastKnownFileType = sourcecode.c.objc; name = FriendsViewController.m; path = View/FriendsViewController.m; sourceTree = SOURCE_ROOT; };
		65E0732E1ED8607D000DEE6A /* LoginView.xib */ = {isa = PBXFileReference; fileEncoding = 4; lastKnownFileType = file.xib; name = LoginView.xib; path = View/LoginView.xib; sourceTree = SOURCE_ROOT; };
		65E0732F1ED8607D000DEE6A /* PhotoAnnotation.h */ = {isa = PBXFileReference; fileEncoding = 4; lastKnownFileType = sourcecode.c.h; name = PhotoAnnotation.h; path = View/PhotoAnnotation.h; sourceTree = SOURCE_ROOT; };
		65E073301ED8607D000DEE6A /* PhotoAnnotation.m */ = {isa = PBXFileReference; fileEncoding = 4; lastKnownFileType = sourcecode.c.objc; name = PhotoAnnotation.m; path = View/PhotoAnnotation.m; sourceTree = SOURCE_ROOT; };
		65E073311ED8607D000DEE6A /* PhotoCell.h */ = {isa = PBXFileReference; fileEncoding = 4; lastKnownFileType = sourcecode.c.h; name = PhotoCell.h; path = View/PhotoCell.h; sourceTree = SOURCE_ROOT; };
		65E073321ED8607D000DEE6A /* PhotoCell.m */ = {isa = PBXFileReference; fileEncoding = 4; lastKnownFileType = sourcecode.c.objc; name = PhotoCell.m; path = View/PhotoCell.m; sourceTree = SOURCE_ROOT; };
		65E073331ED8607D000DEE6A /* PhotoCell.xib */ = {isa = PBXFileReference; fileEncoding = 4; lastKnownFileType = file.xib; name = PhotoCell.xib; path = View/PhotoCell.xib; sourceTree = SOURCE_ROOT; };
		65E073341ED8607D000DEE6A /* PhotoGridSectionHeader.h */ = {isa = PBXFileReference; fileEncoding = 4; lastKnownFileType = sourcecode.c.h; name = PhotoGridSectionHeader.h; path = View/PhotoGridSectionHeader.h; sourceTree = SOURCE_ROOT; };
		65E073351ED8607D000DEE6A /* PhotoGridSectionHeader.m */ = {isa = PBXFileReference; fileEncoding = 4; lastKnownFileType = sourcecode.c.objc; name = PhotoGridSectionHeader.m; path = View/PhotoGridSectionHeader.m; sourceTree = SOURCE_ROOT; };
		65E073361ED8607D000DEE6A /* PhotoGridSectionHeader.xib */ = {isa = PBXFileReference; fileEncoding = 4; lastKnownFileType = file.xib; name = PhotoGridSectionHeader.xib; path = View/PhotoGridSectionHeader.xib; sourceTree = SOURCE_ROOT; };
		65E073371ED8607D000DEE6A /* PhotoGridView.xib */ = {isa = PBXFileReference; fileEncoding = 4; lastKnownFileType = file.xib; name = PhotoGridView.xib; path = View/PhotoGridView.xib; sourceTree = SOURCE_ROOT; };
		65E073381ED8607D000DEE6A /* PhotoGridViewController.h */ = {isa = PBXFileReference; fileEncoding = 4; lastKnownFileType = sourcecode.c.h; name = PhotoGridViewController.h; path = View/PhotoGridViewController.h; sourceTree = SOURCE_ROOT; };
		65E073391ED8607D000DEE6A /* PhotoGridViewController.m */ = {isa = PBXFileReference; fileEncoding = 4; lastKnownFileType = sourcecode.c.objc; name = PhotoGridViewController.m; path = View/PhotoGridViewController.m; sourceTree = SOURCE_ROOT; };
		65E0733A1ED8607D000DEE6A /* PhotoMapView.xib */ = {isa = PBXFileReference; fileEncoding = 4; lastKnownFileType = file.xib; name = PhotoMapView.xib; path = View/PhotoMapView.xib; sourceTree = SOURCE_ROOT; };
		65E0733B1ED8607D000DEE6A /* PhotoMapViewController.h */ = {isa = PBXFileReference; fileEncoding = 4; lastKnownFileType = sourcecode.c.h; name = PhotoMapViewController.h; path = View/PhotoMapViewController.h; sourceTree = SOURCE_ROOT; };
		65E0733C1ED8607D000DEE6A /* PhotoMapViewController.m */ = {isa = PBXFileReference; fileEncoding = 4; lastKnownFileType = sourcecode.c.objc; name = PhotoMapViewController.m; path = View/PhotoMapViewController.m; sourceTree = SOURCE_ROOT; };
		65E0733D1ED8607D000DEE6A /* PhotoShowcaseCell.h */ = {isa = PBXFileReference; fileEncoding = 4; lastKnownFileType = sourcecode.c.h; name = PhotoShowcaseCell.h; path = View/PhotoShowcaseCell.h; sourceTree = SOURCE_ROOT; };
		65E0733E1ED8607D000DEE6A /* PhotoShowcaseCell.m */ = {isa = PBXFileReference; fileEncoding = 4; lastKnownFileType = sourcecode.c.objc; name = PhotoShowcaseCell.m; path = View/PhotoShowcaseCell.m; sourceTree = SOURCE_ROOT; };
		65E0733F1ED8607D000DEE6A /* PhotoShowcaseCell.xib */ = {isa = PBXFileReference; fileEncoding = 4; lastKnownFileType = file.xib; name = PhotoShowcaseCell.xib; path = View/PhotoShowcaseCell.xib; sourceTree = SOURCE_ROOT; };
		65E073401ED8607D000DEE6A /* PhotoShowcaseView.xib */ = {isa = PBXFileReference; fileEncoding = 4; lastKnownFileType = file.xib; name = PhotoShowcaseView.xib; path = View/PhotoShowcaseView.xib; sourceTree = SOURCE_ROOT; };
		65E073411ED8607D000DEE6A /* PhotoShowcaseViewController.h */ = {isa = PBXFileReference; fileEncoding = 4; lastKnownFileType = sourcecode.c.h; name = PhotoShowcaseViewController.h; path = View/PhotoShowcaseViewController.h; sourceTree = SOURCE_ROOT; };
		65E073421ED8607D000DEE6A /* PhotoShowcaseViewController.m */ = {isa = PBXFileReference; fileEncoding = 4; lastKnownFileType = sourcecode.c.objc; name = PhotoShowcaseViewController.m; path = View/PhotoShowcaseViewController.m; sourceTree = SOURCE_ROOT; };
		65E073431ED8607D000DEE6A /* ProfileView.xib */ = {isa = PBXFileReference; fileEncoding = 4; lastKnownFileType = file.xib; name = ProfileView.xib; path = View/ProfileView.xib; sourceTree = SOURCE_ROOT; };
		65E073441ED8607D000DEE6A /* ProfileViewController.h */ = {isa = PBXFileReference; fileEncoding = 4; lastKnownFileType = sourcecode.c.h; name = ProfileViewController.h; path = View/ProfileViewController.h; sourceTree = SOURCE_ROOT; };
		65E073451ED8607D000DEE6A /* ProfileViewController.m */ = {isa = PBXFileReference; fileEncoding = 4; lastKnownFileType = sourcecode.c.objc; name = ProfileViewController.m; path = View/ProfileViewController.m; sourceTree = SOURCE_ROOT; };
		65E073461ED8607D000DEE6A /* RootView.xib */ = {isa = PBXFileReference; fileEncoding = 4; lastKnownFileType = file.xib; name = RootView.xib; path = View/RootView.xib; sourceTree = SOURCE_ROOT; };
		65E073471ED8607D000DEE6A /* RootViewController.h */ = {isa = PBXFileReference; fileEncoding = 4; lastKnownFileType = sourcecode.c.h; name = RootViewController.h; path = View/RootViewController.h; sourceTree = SOURCE_ROOT; };
		65E073481ED8607D000DEE6A /* RootViewController.m */ = {isa = PBXFileReference; fileEncoding = 4; lastKnownFileType = sourcecode.c.objc; name = RootViewController.m; path = View/RootViewController.m; sourceTree = SOURCE_ROOT; };
		65E073631ED861BF000DEE6A /* UserManager.h */ = {isa = PBXFileReference; fileEncoding = 4; lastKnownFileType = sourcecode.c.h; name = UserManager.h; path = Model/UserManager.h; sourceTree = "<group>"; };
		65E073641ED861BF000DEE6A /* UserManager.m */ = {isa = PBXFileReference; fileEncoding = 4; lastKnownFileType = sourcecode.c.objc; name = UserManager.m; path = Model/UserManager.m; sourceTree = "<group>"; };
		65E073671ED86564000DEE6A /* NSDate+Utils.h */ = {isa = PBXFileReference; fileEncoding = 4; lastKnownFileType = sourcecode.c.h; name = "NSDate+Utils.h"; path = "Utils/NSDate+Utils.h"; sourceTree = "<group>"; };
		65E073681ED86564000DEE6A /* NSDate+Utils.m */ = {isa = PBXFileReference; fileEncoding = 4; lastKnownFileType = sourcecode.c.objc; name = "NSDate+Utils.m"; path = "Utils/NSDate+Utils.m"; sourceTree = "<group>"; };
		65E073691ED86564000DEE6A /* NSString+Utils.h */ = {isa = PBXFileReference; fileEncoding = 4; lastKnownFileType = sourcecode.c.h; name = "NSString+Utils.h"; path = "Utils/NSString+Utils.h"; sourceTree = "<group>"; };
		65E0736A1ED86564000DEE6A /* NSString+Utils.m */ = {isa = PBXFileReference; fileEncoding = 4; lastKnownFileType = sourcecode.c.objc; name = "NSString+Utils.m"; path = "Utils/NSString+Utils.m"; sourceTree = "<group>"; };
		65E0736B1ED86564000DEE6A /* PhotoMapRegion+Utils.h */ = {isa = PBXFileReference; fileEncoding = 4; lastKnownFileType = sourcecode.c.h; name = "PhotoMapRegion+Utils.h"; path = "Utils/PhotoMapRegion+Utils.h"; sourceTree = "<group>"; };
		65E0736C1ED86564000DEE6A /* PhotoMapRegion+Utils.m */ = {isa = PBXFileReference; fileEncoding = 4; lastKnownFileType = sourcecode.c.objc; name = "PhotoMapRegion+Utils.m"; path = "Utils/PhotoMapRegion+Utils.m"; sourceTree = "<group>"; };
		65E0736D1ED86564000DEE6A /* UIColor+Defaults.h */ = {isa = PBXFileReference; fileEncoding = 4; lastKnownFileType = sourcecode.c.h; name = "UIColor+Defaults.h"; path = "Utils/UIColor+Defaults.h"; sourceTree = "<group>"; };
		65E0736E1ED86564000DEE6A /* UIColor+Defaults.m */ = {isa = PBXFileReference; fileEncoding = 4; lastKnownFileType = sourcecode.c.objc; name = "UIColor+Defaults.m"; path = "Utils/UIColor+Defaults.m"; sourceTree = "<group>"; };
		65E0736F1ED86564000DEE6A /* UIImageView+WebImage.h */ = {isa = PBXFileReference; fileEncoding = 4; lastKnownFileType = sourcecode.c.h; name = "UIImageView+WebImage.h"; path = "Utils/UIImageView+WebImage.h"; sourceTree = "<group>"; };
		65E073701ED86564000DEE6A /* UIImageView+WebImage.m */ = {isa = PBXFileReference; fileEncoding = 4; lastKnownFileType = sourcecode.c.objc; name = "UIImageView+WebImage.m"; path = "Utils/UIImageView+WebImage.m"; sourceTree = "<group>"; };
		65E073711ED86564000DEE6A /* UIView+Utils.h */ = {isa = PBXFileReference; fileEncoding = 4; lastKnownFileType = sourcecode.c.h; name = "UIView+Utils.h"; path = "Utils/UIView+Utils.h"; sourceTree = "<group>"; };
		65E073721ED86564000DEE6A /* UIView+Utils.m */ = {isa = PBXFileReference; fileEncoding = 4; lastKnownFileType = sourcecode.c.objc; name = "UIView+Utils.m"; path = "Utils/UIView+Utils.m"; sourceTree = "<group>"; };
		65E073731ED86565000DEE6A /* UIViewController+Mask.h */ = {isa = PBXFileReference; fileEncoding = 4; lastKnownFileType = sourcecode.c.h; name = "UIViewController+Mask.h"; path = "Utils/UIViewController+Mask.h"; sourceTree = "<group>"; };
		65E073741ED86565000DEE6A /* UIViewController+Mask.m */ = {isa = PBXFileReference; fileEncoding = 4; lastKnownFileType = sourcecode.c.objc; name = "UIViewController+Mask.m"; path = "Utils/UIViewController+Mask.m"; sourceTree = "<group>"; };
		65E0737C1ED865F7000DEE6A /* Photo.h */ = {isa = PBXFileReference; fileEncoding = 4; lastKnownFileType = sourcecode.c.h; name = Photo.h; path = Model/Photo.h; sourceTree = "<group>"; };
		65E0737D1ED865F7000DEE6A /* Photo.m */ = {isa = PBXFileReference; fileEncoding = 4; lastKnownFileType = sourcecode.c.objc; name = Photo.m; path = Model/Photo.m; sourceTree = "<group>"; };
		65E0737E1ED865F7000DEE6A /* PhotoManager.h */ = {isa = PBXFileReference; fileEncoding = 4; lastKnownFileType = sourcecode.c.h; name = PhotoManager.h; path = Model/PhotoManager.h; sourceTree = "<group>"; };
		65E0737F1ED865F7000DEE6A /* PhotoManager.m */ = {isa = PBXFileReference; fileEncoding = 4; lastKnownFileType = sourcecode.c.objc; name = PhotoManager.m; path = Model/PhotoManager.m; sourceTree = "<group>"; };
		65E073801ED865F7000DEE6A /* PhotoMapRegion.h */ = {isa = PBXFileReference; fileEncoding = 4; lastKnownFileType = sourcecode.c.h; name = PhotoMapRegion.h; path = Model/PhotoMapRegion.h; sourceTree = "<group>"; };
		65E073811ED865F7000DEE6A /* PhotoMapRegion.m */ = {isa = PBXFileReference; fileEncoding = 4; lastKnownFileType = sourcecode.c.objc; name = PhotoMapRegion.m; path = Model/PhotoMapRegion.m; sourceTree = "<group>"; };
		65E073861ED866B0000DEE6A /* KeyChainSecuredAuthenticator.h */ = {isa = PBXFileReference; fileEncoding = 4; lastKnownFileType = sourcecode.c.h; name = KeyChainSecuredAuthenticator.h; path = RestClient/KeyChainSecuredAuthenticator.h; sourceTree = SOURCE_ROOT; };
		65E073871ED866B0000DEE6A /* KeyChainSecuredAuthenticator.m */ = {isa = PBXFileReference; fileEncoding = 4; lastKnownFileType = sourcecode.c.objc; name = KeyChainSecuredAuthenticator.m; path = RestClient/KeyChainSecuredAuthenticator.m; sourceTree = SOURCE_ROOT; };
		65E073881ED866B0000DEE6A /* RestRequestTests.h */ = {isa = PBXFileReference; fileEncoding = 4; lastKnownFileType = sourcecode.c.h; name = RestRequestTests.h; path = RestClient/RestRequestTests.h; sourceTree = SOURCE_ROOT; };
		65E0738B1ED86DFA000DEE6A /* LocationAwarePhotoUploadTask.h */ = {isa = PBXFileReference; fileEncoding = 4; lastKnownFileType = sourcecode.c.h; name = LocationAwarePhotoUploadTask.h; path = Model/LocationAwarePhotoUploadTask.h; sourceTree = "<group>"; };
		65E0738C1ED86DFA000DEE6A /* LocationAwarePhotoUploadTask.m */ = {isa = PBXFileReference; fileEncoding = 4; lastKnownFileType = sourcecode.c.objc; name = LocationAwarePhotoUploadTask.m; path = Model/LocationAwarePhotoUploadTask.m; sourceTree = "<group>"; };
		6B62AEAFCF635522E3FD695C /* Pods-PhotoWall.debug.xcconfig */ = {isa = PBXFileReference; includeInIndex = 1; lastKnownFileType = text.xcconfig; name = "Pods-PhotoWall.debug.xcconfig"; path = "Pods/Target Support Files/Pods-PhotoWall/Pods-PhotoWall.debug.xcconfig"; sourceTree = "<group>"; };
		77D7CD83F4177C82A481E954 /* Pods-PhotoWall-PhotoWallTests.release.xcconfig */ = {isa = PBXFileReference; includeInIndex = 1; lastKnownFileType = text.xcconfig; name = "Pods-PhotoWall-PhotoWallTests.release.xcconfig"; path = "Pods/Target Support Files/Pods-PhotoWall-PhotoWallTests/Pods-PhotoWall-PhotoWallTests.release.xcconfig"; sourceTree = "<group>"; };
		8D179AC33B272886C9CCD324 /* Pods_PhotoWall_PhotoWallTests.framework */ = {isa = PBXFileReference; explicitFileType = wrapper.framework; includeInIndex = 0; path = Pods_PhotoWall_PhotoWallTests.framework; sourceTree = BUILT_PRODUCTS_DIR; };
		BE6170E1441A942F7DF9B18B /* Pods-PhotoWall.release.xcconfig */ = {isa = PBXFileReference; includeInIndex = 1; lastKnownFileType = text.xcconfig; name = "Pods-PhotoWall.release.xcconfig"; path = "Pods/Target Support Files/Pods-PhotoWall/Pods-PhotoWall.release.xcconfig"; sourceTree = "<group>"; };
		C15C7C75A89E98C4E0B0BA5F /* Pods_PhotoWall.framework */ = {isa = PBXFileReference; explicitFileType = wrapper.framework; includeInIndex = 0; path = Pods_PhotoWall.framework; sourceTree = BUILT_PRODUCTS_DIR; };
		C1C0AE414E5ED650031CF251 /* Pods-PhotoWall-PhotoWallTests.debug.xcconfig */ = {isa = PBXFileReference; includeInIndex = 1; lastKnownFileType = text.xcconfig; name = "Pods-PhotoWall-PhotoWallTests.debug.xcconfig"; path = "Pods/Target Support Files/Pods-PhotoWall-PhotoWallTests/Pods-PhotoWall-PhotoWallTests.debug.xcconfig"; sourceTree = "<group>"; };
/* End PBXFileReference section */

/* Begin PBXFrameworksBuildPhase section */
		6539F5731EC557040096E016 /* Frameworks */ = {
			isa = PBXFrameworksBuildPhase;
			buildActionMask = 2147483647;
			files = (
				FF0571E6F9544F7ED6D82A2E /* Pods_PhotoWall.framework in Frameworks */,
			);
			runOnlyForDeploymentPostprocessing = 0;
		};
		6539F58F1EC557040096E016 /* Frameworks */ = {
			isa = PBXFrameworksBuildPhase;
			buildActionMask = 2147483647;
			files = (
				448F5B51BDF885B41AE6202B /* Pods_PhotoWall_PhotoWallTests.framework in Frameworks */,
			);
			runOnlyForDeploymentPostprocessing = 0;
		};
/* End PBXFrameworksBuildPhase section */

/* Begin PBXGroup section */
		0923A0BB442ABEF5D2137E47 /* Pods */ = {
			isa = PBXGroup;
			children = (
				6B62AEAFCF635522E3FD695C /* Pods-PhotoWall.debug.xcconfig */,
				BE6170E1441A942F7DF9B18B /* Pods-PhotoWall.release.xcconfig */,
				C1C0AE414E5ED650031CF251 /* Pods-PhotoWall-PhotoWallTests.debug.xcconfig */,
				77D7CD83F4177C82A481E954 /* Pods-PhotoWall-PhotoWallTests.release.xcconfig */,
			);
			name = Pods;
			sourceTree = "<group>";
		};
		0A178BD75BDCCFB9A4EE139F /* Frameworks */ = {
			isa = PBXGroup;
			children = (
				C15C7C75A89E98C4E0B0BA5F /* Pods_PhotoWall.framework */,
				8D179AC33B272886C9CCD324 /* Pods_PhotoWall_PhotoWallTests.framework */,
			);
			name = Frameworks;
			sourceTree = "<group>";
		};
		6539F56D1EC557040096E016 = {
			isa = PBXGroup;
			children = (
				65E073201ED83C2D000DEE6A /* Mapping1-2.xcmappingmodel */,
				65E0731B1ED8391B000DEE6A /* CoreData */,
				65E073111EC5B38A000DEE6A /* Media.xcassets */,
				6539F5781EC557040096E016 /* PhotoWall */,
				6539F5951EC557040096E016 /* PhotoWallTests */,
				6539F5771EC557040096E016 /* Products */,
				0923A0BB442ABEF5D2137E47 /* Pods */,
				0A178BD75BDCCFB9A4EE139F /* Frameworks */,
			);
			sourceTree = "<group>";
		};
		6539F5771EC557040096E016 /* Products */ = {
			isa = PBXGroup;
			children = (
				6539F5761EC557040096E016 /* PhotoWall.app */,
				6539F5921EC557040096E016 /* PhotoWallTests.xctest */,
			);
			name = Products;
			sourceTree = "<group>";
		};
		6539F5781EC557040096E016 /* PhotoWall */ = {
			isa = PBXGroup;
			children = (
				65E073661ED86541000DEE6A /* Utils */,
				65E072FA1EC59919000DEE6A /* RestClient */,
				65E072F91EC59913000DEE6A /* View */,
				65E072F71EC598B5000DEE6A /* Model */,
				6539F57C1EC557040096E016 /* AppDelegate.h */,
				6539F57D1EC557040096E016 /* AppDelegate.m */,
				6539F57F1EC557040096E016 /* ViewController.h */,
				6539F5801EC557040096E016 /* ViewController.m */,
				6539F5821EC557040096E016 /* Main.storyboard */,
				6539F5881EC557040096E016 /* Assets.xcassets */,
				6539F58A1EC557040096E016 /* LaunchScreen.storyboard */,
				6539F58D1EC557040096E016 /* Info.plist */,
				6539F5851EC557040096E016 /* PhotoWall.xcdatamodeld */,
				6539F5791EC557040096E016 /* Supporting Files */,
			);
			path = PhotoWall;
			sourceTree = "<group>";
		};
		6539F5791EC557040096E016 /* Supporting Files */ = {
			isa = PBXGroup;
			children = (
				6539F57A1EC557040096E016 /* main.m */,
			);
			name = "Supporting Files";
			sourceTree = "<group>";
		};
		6539F5951EC557040096E016 /* PhotoWallTests */ = {
			isa = PBXGroup;
			children = (
				65E073151ED5794C000DEE6A /* RestClient */,
				6539F5961EC557040096E016 /* PhotoWallTests.m */,
				6539F5981EC557040096E016 /* Info.plist */,
			);
			path = PhotoWallTests;
			sourceTree = "<group>";
		};
		65E072F71EC598B5000DEE6A /* Model */ = {
			isa = PBXGroup;
			children = (
				65E0738B1ED86DFA000DEE6A /* LocationAwarePhotoUploadTask.h */,
				65E0738C1ED86DFA000DEE6A /* LocationAwarePhotoUploadTask.m */,
				65E0737C1ED865F7000DEE6A /* Photo.h */,
				65E0737D1ED865F7000DEE6A /* Photo.m */,
				65E0737E1ED865F7000DEE6A /* PhotoManager.h */,
				65E0737F1ED865F7000DEE6A /* PhotoManager.m */,
				65E073801ED865F7000DEE6A /* PhotoMapRegion.h */,
				65E073811ED865F7000DEE6A /* PhotoMapRegion.m */,
				65E073631ED861BF000DEE6A /* UserManager.h */,
				65E073641ED861BF000DEE6A /* UserManager.m */,
				65E073221ED85FBF000DEE6A /* AccountManager.h */,
				65E073231ED85FBF000DEE6A /* AccountManager.m */,
				65E073181ED838DB000DEE6A /* User.h */,
				65E073191ED838DB000DEE6A /* User.m */,
			);
			name = Model;
			sourceTree = "<group>";
		};
		65E072F91EC59913000DEE6A /* View */ = {
			isa = PBXGroup;
			children = (
				65E073251ED8607D000DEE6A /* AnnotationCallOutView.h */,
				65E073261ED8607D000DEE6A /* AnnotationCallOutView.m */,
				65E073271ED8607D000DEE6A /* AnnotationCallOutView.xib */,
				65E073281ED8607D000DEE6A /* FriendCell.h */,
				65E073291ED8607D000DEE6A /* FriendCell.m */,
				65E0732A1ED8607D000DEE6A /* FriendCell.xib */,
				65E0732B1ED8607D000DEE6A /* FriendsListView.xib */,
				65E0732C1ED8607D000DEE6A /* FriendsViewController.h */,
				65E0732D1ED8607D000DEE6A /* FriendsViewController.m */,
				65E0732E1ED8607D000DEE6A /* LoginView.xib */,
				65E0732F1ED8607D000DEE6A /* PhotoAnnotation.h */,
				65E073301ED8607D000DEE6A /* PhotoAnnotation.m */,
				65E073311ED8607D000DEE6A /* PhotoCell.h */,
				65E073321ED8607D000DEE6A /* PhotoCell.m */,
				65E073331ED8607D000DEE6A /* PhotoCell.xib */,
				65E073341ED8607D000DEE6A /* PhotoGridSectionHeader.h */,
				65E073351ED8607D000DEE6A /* PhotoGridSectionHeader.m */,
				65E073361ED8607D000DEE6A /* PhotoGridSectionHeader.xib */,
				65E073371ED8607D000DEE6A /* PhotoGridView.xib */,
				65E073381ED8607D000DEE6A /* PhotoGridViewController.h */,
				65E073391ED8607D000DEE6A /* PhotoGridViewController.m */,
				65E0733A1ED8607D000DEE6A /* PhotoMapView.xib */,
				65E0733B1ED8607D000DEE6A /* PhotoMapViewController.h */,
				65E0733C1ED8607D000DEE6A /* PhotoMapViewController.m */,
				65E0733D1ED8607D000DEE6A /* PhotoShowcaseCell.h */,
				65E0733E1ED8607D000DEE6A /* PhotoShowcaseCell.m */,
				65E0733F1ED8607D000DEE6A /* PhotoShowcaseCell.xib */,
				65E073401ED8607D000DEE6A /* PhotoShowcaseView.xib */,
				65E073411ED8607D000DEE6A /* PhotoShowcaseViewController.h */,
				65E073421ED8607D000DEE6A /* PhotoShowcaseViewController.m */,
				65E073431ED8607D000DEE6A /* ProfileView.xib */,
				65E073441ED8607D000DEE6A /* ProfileViewController.h */,
				65E073451ED8607D000DEE6A /* ProfileViewController.m */,
				65E073461ED8607D000DEE6A /* RootView.xib */,
				65E073471ED8607D000DEE6A /* RootViewController.h */,
				65E073481ED8607D000DEE6A /* RootViewController.m */,
				65E0730A1EC5AF61000DEE6A /* MaskView.xib */,
				65E0730C1EC5B028000DEE6A /* LoginViewController.h */,
				65E0730D1EC5B028000DEE6A /* LoginViewController.m */,
				65E0730E1EC5B028000DEE6A /* LoginViewController.xib */,
			);
			name = View;
			sourceTree = "<group>";
		};
		65E072FA1EC59919000DEE6A /* RestClient */ = {
			isa = PBXGroup;
			children = (
				65E073861ED866B0000DEE6A /* KeyChainSecuredAuthenticator.h */,
				65E073871ED866B0000DEE6A /* KeyChainSecuredAuthenticator.m */,
				65E073881ED866B0000DEE6A /* RestRequestTests.h */,
				65E072FB1EC59A05000DEE6A /* RestClient.h */,
				65E072FC1EC59A05000DEE6A /* RestClient.m */,
				65E073011EC59B30000DEE6A /* RestRequest.h */,
				65E073021EC59B30000DEE6A /* RestRequest.m */,
				65E073041EC5A162000DEE6A /* RestResponse.h */,
				65E073051EC5A162000DEE6A /* RestResponse.m */,
			);
			name = RestClient;
			sourceTree = "<group>";
		};
		65E073151ED5794C000DEE6A /* RestClient */ = {
			isa = PBXGroup;
			children = (
				65E073081EC5A8C9000DEE6A /* RestRequestTests.m */,
			);
			name = RestClient;
			sourceTree = "<group>";
		};
		65E0731B1ED8391B000DEE6A /* CoreData */ = {
			isa = PBXGroup;
			children = (
				65E0731C1ED8395D000DEE6A /* _User.h */,
				65E0731D1ED8395D000DEE6A /* _User.m */,
			);
			name = CoreData;
			sourceTree = "<group>";
		};
		65E073661ED86541000DEE6A /* Utils */ = {
			isa = PBXGroup;
			children = (
				65E073671ED86564000DEE6A /* NSDate+Utils.h */,
				65E073681ED86564000DEE6A /* NSDate+Utils.m */,
				65E073691ED86564000DEE6A /* NSString+Utils.h */,
				65E0736A1ED86564000DEE6A /* NSString+Utils.m */,
				65E0736B1ED86564000DEE6A /* PhotoMapRegion+Utils.h */,
				65E0736C1ED86564000DEE6A /* PhotoMapRegion+Utils.m */,
				65E0736D1ED86564000DEE6A /* UIColor+Defaults.h */,
				65E0736E1ED86564000DEE6A /* UIColor+Defaults.m */,
				65E0736F1ED86564000DEE6A /* UIImageView+WebImage.h */,
				65E073701ED86564000DEE6A /* UIImageView+WebImage.m */,
				65E073711ED86564000DEE6A /* UIView+Utils.h */,
				65E073721ED86564000DEE6A /* UIView+Utils.m */,
				65E073731ED86565000DEE6A /* UIViewController+Mask.h */,
				65E073741ED86565000DEE6A /* UIViewController+Mask.m */,
			);
			name = Utils;
			path = ..;
			sourceTree = "<group>";
		};
/* End PBXGroup section */

/* Begin PBXNativeTarget section */
		6539F5751EC557040096E016 /* PhotoWall */ = {
			isa = PBXNativeTarget;
			buildConfigurationList = 6539F59B1EC557040096E016 /* Build configuration list for PBXNativeTarget "PhotoWall" */;
			buildPhases = (
				01AA717AA09B47F15A817051 /* [CP] Check Pods Manifest.lock */,
				6539F5721EC557040096E016 /* Sources */,
				6539F5731EC557040096E016 /* Frameworks */,
				6539F5741EC557040096E016 /* Resources */,
				2E5F3BFC509A9FDA30514022 /* [CP] Embed Pods Frameworks */,
				9F897213B3CB3C6ABA3B7958 /* [CP] Copy Pods Resources */,
			);
			buildRules = (
			);
			dependencies = (
			);
			name = PhotoWall;
			productName = PhotoWall;
			productReference = 6539F5761EC557040096E016 /* PhotoWall.app */;
			productType = "com.apple.product-type.application";
		};
		6539F5911EC557040096E016 /* PhotoWallTests */ = {
			isa = PBXNativeTarget;
			buildConfigurationList = 6539F59E1EC557040096E016 /* Build configuration list for PBXNativeTarget "PhotoWallTests" */;
			buildPhases = (
				2EA730DE7906B29F46372214 /* [CP] Check Pods Manifest.lock */,
				6539F58E1EC557040096E016 /* Sources */,
				6539F58F1EC557040096E016 /* Frameworks */,
				6539F5901EC557040096E016 /* Resources */,
				79018F2716C5C84F71234588 /* [CP] Embed Pods Frameworks */,
				E5B8C126A272C3401A61AC54 /* [CP] Copy Pods Resources */,
			);
			buildRules = (
			);
			dependencies = (
				6539F5941EC557040096E016 /* PBXTargetDependency */,
			);
			name = PhotoWallTests;
			productName = PhotoWallTests;
			productReference = 6539F5921EC557040096E016 /* PhotoWallTests.xctest */;
			productType = "com.apple.product-type.bundle.unit-test";
		};
/* End PBXNativeTarget section */

/* Begin PBXProject section */
		6539F56E1EC557040096E016 /* Project object */ = {
			isa = PBXProject;
			attributes = {
				LastUpgradeCheck = 0830;
				ORGANIZATIONNAME = CSIE;
				TargetAttributes = {
					6539F5751EC557040096E016 = {
						CreatedOnToolsVersion = 8.3.1;
						ProvisioningStyle = Automatic;
					};
					6539F5911EC557040096E016 = {
						CreatedOnToolsVersion = 8.3.1;
						ProvisioningStyle = Automatic;
						TestTargetID = 6539F5751EC557040096E016;
					};
				};
			};
			buildConfigurationList = 6539F5711EC557040096E016 /* Build configuration list for PBXProject "PhotoWall" */;
			compatibilityVersion = "Xcode 3.2";
			developmentRegion = English;
			hasScannedForEncodings = 0;
			knownRegions = (
				en,
				Base,
			);
			mainGroup = 6539F56D1EC557040096E016;
			productRefGroup = 6539F5771EC557040096E016 /* Products */;
			projectDirPath = "";
			projectRoot = "";
			targets = (
				6539F5751EC557040096E016 /* PhotoWall */,
				6539F5911EC557040096E016 /* PhotoWallTests */,
			);
		};
/* End PBXProject section */

/* Begin PBXResourcesBuildPhase section */
		6539F5741EC557040096E016 /* Resources */ = {
			isa = PBXResourcesBuildPhase;
			buildActionMask = 2147483647;
			files = (
				65E0734A1ED8607D000DEE6A /* AnnotationCallOutView.xib in Resources */,
				65E073101EC5B028000DEE6A /* LoginViewController.xib in Resources */,
				65E0734D1ED8607D000DEE6A /* FriendsListView.xib in Resources */,
				65E073551ED8607D000DEE6A /* PhotoGridView.xib in Resources */,
				65E073521ED8607D000DEE6A /* PhotoCell.xib in Resources */,
				65E0730B1EC5AF61000DEE6A /* MaskView.xib in Resources */,
				65E073541ED8607D000DEE6A /* PhotoGridSectionHeader.xib in Resources */,
				6539F58C1EC557040096E016 /* LaunchScreen.storyboard in Resources */,
				65E0735B1ED8607D000DEE6A /* PhotoShowcaseView.xib in Resources */,
				65E0735A1ED8607D000DEE6A /* PhotoShowcaseCell.xib in Resources */,
				6539F5891EC557040096E016 /* Assets.xcassets in Resources */,
				65E073121EC5B38A000DEE6A /* Media.xcassets in Resources */,
				65E073571ED8607D000DEE6A /* PhotoMapView.xib in Resources */,
				6539F5841EC557040096E016 /* Main.storyboard in Resources */,
				65E0735F1ED8607D000DEE6A /* RootView.xib in Resources */,
				65E0734F1ED8607D000DEE6A /* LoginView.xib in Resources */,
				65E0735D1ED8607D000DEE6A /* ProfileView.xib in Resources */,
				65E0734C1ED8607D000DEE6A /* FriendCell.xib in Resources */,
			);
			runOnlyForDeploymentPostprocessing = 0;
		};
		6539F5901EC557040096E016 /* Resources */ = {
			isa = PBXResourcesBuildPhase;
			buildActionMask = 2147483647;
			files = (
			);
			runOnlyForDeploymentPostprocessing = 0;
		};
/* End PBXResourcesBuildPhase section */

/* Begin PBXShellScriptBuildPhase section */
		01AA717AA09B47F15A817051 /* [CP] Check Pods Manifest.lock */ = {
			isa = PBXShellScriptBuildPhase;
			buildActionMask = 2147483647;
			files = (
			);
			inputPaths = (
			);
			name = "[CP] Check Pods Manifest.lock";
			outputPaths = (
			);
			runOnlyForDeploymentPostprocessing = 0;
			shellPath = /bin/sh;
			shellScript = "diff \"${PODS_ROOT}/../Podfile.lock\" \"${PODS_ROOT}/Manifest.lock\" > /dev/null\nif [ $? != 0 ] ; then\n    # print error to STDERR\n    echo \"error: The sandbox is not in sync with the Podfile.lock. Run 'pod install' or update your CocoaPods installation.\" >&2\n    exit 1\nfi\n";
			showEnvVarsInLog = 0;
		};
		2E5F3BFC509A9FDA30514022 /* [CP] Embed Pods Frameworks */ = {
			isa = PBXShellScriptBuildPhase;
			buildActionMask = 2147483647;
			files = (
			);
			inputPaths = (
			);
			name = "[CP] Embed Pods Frameworks";
			outputPaths = (
			);
			runOnlyForDeploymentPostprocessing = 0;
			shellPath = /bin/sh;
			shellScript = "\"${SRCROOT}/Pods/Target Support Files/Pods-PhotoWall/Pods-PhotoWall-frameworks.sh\"\n";
			showEnvVarsInLog = 0;
		};
		2EA730DE7906B29F46372214 /* [CP] Check Pods Manifest.lock */ = {
			isa = PBXShellScriptBuildPhase;
			buildActionMask = 2147483647;
			files = (
			);
			inputPaths = (
			);
			name = "[CP] Check Pods Manifest.lock";
			outputPaths = (
			);
			runOnlyForDeploymentPostprocessing = 0;
			shellPath = /bin/sh;
			shellScript = "diff \"${PODS_ROOT}/../Podfile.lock\" \"${PODS_ROOT}/Manifest.lock\" > /dev/null\nif [ $? != 0 ] ; then\n    # print error to STDERR\n    echo \"error: The sandbox is not in sync with the Podfile.lock. Run 'pod install' or update your CocoaPods installation.\" >&2\n    exit 1\nfi\n";
			showEnvVarsInLog = 0;
		};
		79018F2716C5C84F71234588 /* [CP] Embed Pods Frameworks */ = {
			isa = PBXShellScriptBuildPhase;
			buildActionMask = 2147483647;
			files = (
			);
			inputPaths = (
			);
			name = "[CP] Embed Pods Frameworks";
			outputPaths = (
			);
			runOnlyForDeploymentPostprocessing = 0;
			shellPath = /bin/sh;
			shellScript = "\"${SRCROOT}/Pods/Target Support Files/Pods-PhotoWall-PhotoWallTests/Pods-PhotoWall-PhotoWallTests-frameworks.sh\"\n";
			showEnvVarsInLog = 0;
		};
		9F897213B3CB3C6ABA3B7958 /* [CP] Copy Pods Resources */ = {
			isa = PBXShellScriptBuildPhase;
			buildActionMask = 2147483647;
			files = (
			);
			inputPaths = (
			);
			name = "[CP] Copy Pods Resources";
			outputPaths = (
			);
			runOnlyForDeploymentPostprocessing = 0;
			shellPath = /bin/sh;
			shellScript = "\"${SRCROOT}/Pods/Target Support Files/Pods-PhotoWall/Pods-PhotoWall-resources.sh\"\n";
			showEnvVarsInLog = 0;
		};
		E5B8C126A272C3401A61AC54 /* [CP] Copy Pods Resources */ = {
			isa = PBXShellScriptBuildPhase;
			buildActionMask = 2147483647;
			files = (
			);
			inputPaths = (
			);
			name = "[CP] Copy Pods Resources";
			outputPaths = (
			);
			runOnlyForDeploymentPostprocessing = 0;
			shellPath = /bin/sh;
			shellScript = "\"${SRCROOT}/Pods/Target Support Files/Pods-PhotoWall-PhotoWallTests/Pods-PhotoWall-PhotoWallTests-resources.sh\"\n";
			showEnvVarsInLog = 0;
		};
/* End PBXShellScriptBuildPhase section */

/* Begin PBXSourcesBuildPhase section */
		6539F5721EC557040096E016 /* Sources */ = {
			isa = PBXSourcesBuildPhase;
			buildActionMask = 2147483647;
			files = (
				65E0734E1ED8607D000DEE6A /* FriendsViewController.m in Sources */,
				65E073501ED8607D000DEE6A /* PhotoAnnotation.m in Sources */,
				65E073601ED8607D000DEE6A /* RootViewController.m in Sources */,
				65E073791ED86565000DEE6A /* UIImageView+WebImage.m in Sources */,
				65E0731E1ED8395D000DEE6A /* _User.m in Sources */,
				65E073761ED86565000DEE6A /* NSString+Utils.m in Sources */,
				65E0737B1ED86565000DEE6A /* UIViewController+Mask.m in Sources */,
				65E073891ED866B0000DEE6A /* KeyChainSecuredAuthenticator.m in Sources */,
				65E0730F1EC5B028000DEE6A /* LoginViewController.m in Sources */,
				65E073591ED8607D000DEE6A /* PhotoShowcaseCell.m in Sources */,
				6539F5871EC557040096E016 /* PhotoWall.xcdatamodeld in Sources */,
				65E0731A1ED838DB000DEE6A /* User.m in Sources */,
				65E0738D1ED86DFA000DEE6A /* LocationAwarePhotoUploadTask.m in Sources */,
				65E0735E1ED8607D000DEE6A /* ProfileViewController.m in Sources */,
				65E073491ED8607D000DEE6A /* AnnotationCallOutView.m in Sources */,
				65E0734B1ED8607D000DEE6A /* FriendCell.m in Sources */,
				65E073031EC59B30000DEE6A /* RestRequest.m in Sources */,
				65E073781ED86565000DEE6A /* UIColor+Defaults.m in Sources */,
				65E073651ED861BF000DEE6A /* UserManager.m in Sources */,
				65E073511ED8607D000DEE6A /* PhotoCell.m in Sources */,
				65E073061EC5A162000DEE6A /* RestResponse.m in Sources */,
				6539F5811EC557040096E016 /* ViewController.m in Sources */,
				65E073771ED86565000DEE6A /* PhotoMapRegion+Utils.m in Sources */,
				6539F57E1EC557040096E016 /* AppDelegate.m in Sources */,
				65E073531ED8607D000DEE6A /* PhotoGridSectionHeader.m in Sources */,
				65E073751ED86565000DEE6A /* NSDate+Utils.m in Sources */,
				65E073581ED8607D000DEE6A /* PhotoMapViewController.m in Sources */,
				65E073211ED83C2D000DEE6A /* Mapping1-2.xcmappingmodel in Sources */,
				65E073561ED8607D000DEE6A /* PhotoGridViewController.m in Sources */,
				65E0735C1ED8607D000DEE6A /* PhotoShowcaseViewController.m in Sources */,
				65E073841ED865F7000DEE6A /* PhotoMapRegion.m in Sources */,
				65E073831ED865F7000DEE6A /* PhotoManager.m in Sources */,
				65E072FD1EC59A05000DEE6A /* RestClient.m in Sources */,
				6539F57B1EC557040096E016 /* main.m in Sources */,
				65E073821ED865F7000DEE6A /* Photo.m in Sources */,
				65E0737A1ED86565000DEE6A /* UIView+Utils.m in Sources */,
				65E073241ED85FBF000DEE6A /* AccountManager.m in Sources */,
			);
			runOnlyForDeploymentPostprocessing = 0;
		};
		6539F58E1EC557040096E016 /* Sources */ = {
			isa = PBXSourcesBuildPhase;
			buildActionMask = 2147483647;
			files = (
				6539F5971EC557040096E016 /* PhotoWallTests.m in Sources */,
				65E073091EC5A8C9000DEE6A /* RestRequestTests.m in Sources */,
			);
			runOnlyForDeploymentPostprocessing = 0;
		};
/* End PBXSourcesBuildPhase section */

/* Begin PBXTargetDependency section */
		6539F5941EC557040096E016 /* PBXTargetDependency */ = {
			isa = PBXTargetDependency;
			target = 6539F5751EC557040096E016 /* PhotoWall */;
			targetProxy = 6539F5931EC557040096E016 /* PBXContainerItemProxy */;
		};
/* End PBXTargetDependency section */

/* Begin PBXVariantGroup section */
		6539F5821EC557040096E016 /* Main.storyboard */ = {
			isa = PBXVariantGroup;
			children = (
				6539F5831EC557040096E016 /* Base */,
			);
			name = Main.storyboard;
			sourceTree = "<group>";
		};
		6539F58A1EC557040096E016 /* LaunchScreen.storyboard */ = {
			isa = PBXVariantGroup;
			children = (
				6539F58B1EC557040096E016 /* Base */,
			);
			name = LaunchScreen.storyboard;
			sourceTree = "<group>";
		};
/* End PBXVariantGroup section */

/* Begin XCBuildConfiguration section */
		6539F5991EC557040096E016 /* Debug */ = {
			isa = XCBuildConfiguration;
			buildSettings = {
				ALWAYS_SEARCH_USER_PATHS = NO;
				CLANG_ANALYZER_NONNULL = YES;
				CLANG_ANALYZER_NUMBER_OBJECT_CONVERSION = YES_AGGRESSIVE;
				CLANG_CXX_LANGUAGE_STANDARD = "gnu++0x";
				CLANG_CXX_LIBRARY = "libc++";
				CLANG_ENABLE_MODULES = YES;
				CLANG_ENABLE_OBJC_ARC = YES;
				CLANG_WARN_BOOL_CONVERSION = YES;
				CLANG_WARN_CONSTANT_CONVERSION = YES;
				CLANG_WARN_DIRECT_OBJC_ISA_USAGE = YES_ERROR;
				CLANG_WARN_DOCUMENTATION_COMMENTS = YES;
				CLANG_WARN_EMPTY_BODY = YES;
				CLANG_WARN_ENUM_CONVERSION = YES;
				CLANG_WARN_INFINITE_RECURSION = YES;
				CLANG_WARN_INT_CONVERSION = YES;
				CLANG_WARN_OBJC_ROOT_CLASS = YES_ERROR;
				CLANG_WARN_SUSPICIOUS_MOVE = YES;
				CLANG_WARN_UNREACHABLE_CODE = YES;
				CLANG_WARN__DUPLICATE_METHOD_MATCH = YES;
				"CODE_SIGN_IDENTITY[sdk=iphoneos*]" = "iPhone Developer";
				COPY_PHASE_STRIP = NO;
				DEBUG_INFORMATION_FORMAT = dwarf;
				ENABLE_STRICT_OBJC_MSGSEND = YES;
				ENABLE_TESTABILITY = YES;
				GCC_C_LANGUAGE_STANDARD = gnu99;
				GCC_DYNAMIC_NO_PIC = NO;
				GCC_NO_COMMON_BLOCKS = YES;
				GCC_OPTIMIZATION_LEVEL = 0;
				GCC_PREPROCESSOR_DEFINITIONS = (
					"DEBUG=1",
					"$(inherited)",
				);
				GCC_WARN_64_TO_32_BIT_CONVERSION = YES;
				GCC_WARN_ABOUT_RETURN_TYPE = YES_ERROR;
				GCC_WARN_UNDECLARED_SELECTOR = YES;
				GCC_WARN_UNINITIALIZED_AUTOS = YES_AGGRESSIVE;
				GCC_WARN_UNUSED_FUNCTION = YES;
				GCC_WARN_UNUSED_VARIABLE = YES;
				IPHONEOS_DEPLOYMENT_TARGET = 10.3;
				MTL_ENABLE_DEBUG_INFO = YES;
				ONLY_ACTIVE_ARCH = YES;
				SDKROOT = iphoneos;
			};
			name = Debug;
		};
		6539F59A1EC557040096E016 /* Release */ = {
			isa = XCBuildConfiguration;
			buildSettings = {
				ALWAYS_SEARCH_USER_PATHS = NO;
				CLANG_ANALYZER_NONNULL = YES;
				CLANG_ANALYZER_NUMBER_OBJECT_CONVERSION = YES_AGGRESSIVE;
				CLANG_CXX_LANGUAGE_STANDARD = "gnu++0x";
				CLANG_CXX_LIBRARY = "libc++";
				CLANG_ENABLE_MODULES = YES;
				CLANG_ENABLE_OBJC_ARC = YES;
				CLANG_WARN_BOOL_CONVERSION = YES;
				CLANG_WARN_CONSTANT_CONVERSION = YES;
				CLANG_WARN_DIRECT_OBJC_ISA_USAGE = YES_ERROR;
				CLANG_WARN_DOCUMENTATION_COMMENTS = YES;
				CLANG_WARN_EMPTY_BODY = YES;
				CLANG_WARN_ENUM_CONVERSION = YES;
				CLANG_WARN_INFINITE_RECURSION = YES;
				CLANG_WARN_INT_CONVERSION = YES;
				CLANG_WARN_OBJC_ROOT_CLASS = YES_ERROR;
				CLANG_WARN_SUSPICIOUS_MOVE = YES;
				CLANG_WARN_UNREACHABLE_CODE = YES;
				CLANG_WARN__DUPLICATE_METHOD_MATCH = YES;
				"CODE_SIGN_IDENTITY[sdk=iphoneos*]" = "iPhone Developer";
				COPY_PHASE_STRIP = NO;
				DEBUG_INFORMATION_FORMAT = "dwarf-with-dsym";
				ENABLE_NS_ASSERTIONS = NO;
				ENABLE_STRICT_OBJC_MSGSEND = YES;
				GCC_C_LANGUAGE_STANDARD = gnu99;
				GCC_NO_COMMON_BLOCKS = YES;
				GCC_WARN_64_TO_32_BIT_CONVERSION = YES;
				GCC_WARN_ABOUT_RETURN_TYPE = YES_ERROR;
				GCC_WARN_UNDECLARED_SELECTOR = YES;
				GCC_WARN_UNINITIALIZED_AUTOS = YES_AGGRESSIVE;
				GCC_WARN_UNUSED_FUNCTION = YES;
				GCC_WARN_UNUSED_VARIABLE = YES;
				IPHONEOS_DEPLOYMENT_TARGET = 10.3;
				MTL_ENABLE_DEBUG_INFO = NO;
				SDKROOT = iphoneos;
				VALIDATE_PRODUCT = YES;
			};
			name = Release;
		};
		6539F59C1EC557040096E016 /* Debug */ = {
			isa = XCBuildConfiguration;
			baseConfigurationReference = 6B62AEAFCF635522E3FD695C /* Pods-PhotoWall.debug.xcconfig */;
			buildSettings = {
				ASSETCATALOG_COMPILER_APPICON_NAME = AppIcon;
				ASSETCATALOG_COMPILER_LAUNCHIMAGE_NAME = LaunchImage;
				INFOPLIST_FILE = PhotoWall/Info.plist;
				IPHONEOS_DEPLOYMENT_TARGET = 10.0;
				LD_RUNPATH_SEARCH_PATHS = "$(inherited) @executable_path/Frameworks";
				PRODUCT_BUNDLE_IDENTIFIER = tw.edu.ntut.csie.PhotoWall;
				PRODUCT_NAME = "$(TARGET_NAME)";
			};
			name = Debug;
		};
		6539F59D1EC557040096E016 /* Release */ = {
			isa = XCBuildConfiguration;
			baseConfigurationReference = BE6170E1441A942F7DF9B18B /* Pods-PhotoWall.release.xcconfig */;
			buildSettings = {
				ASSETCATALOG_COMPILER_APPICON_NAME = AppIcon;
				ASSETCATALOG_COMPILER_LAUNCHIMAGE_NAME = LaunchImage;
				INFOPLIST_FILE = PhotoWall/Info.plist;
				IPHONEOS_DEPLOYMENT_TARGET = 10.0;
				LD_RUNPATH_SEARCH_PATHS = "$(inherited) @executable_path/Frameworks";
				PRODUCT_BUNDLE_IDENTIFIER = tw.edu.ntut.csie.PhotoWall;
				PRODUCT_NAME = "$(TARGET_NAME)";
			};
			name = Release;
		};
		6539F59F1EC557040096E016 /* Debug */ = {
			isa = XCBuildConfiguration;
			baseConfigurationReference = C1C0AE414E5ED650031CF251 /* Pods-PhotoWall-PhotoWallTests.debug.xcconfig */;
			buildSettings = {
				BUNDLE_LOADER = "$(TEST_HOST)";
				INFOPLIST_FILE = PhotoWallTests/Info.plist;
				LD_RUNPATH_SEARCH_PATHS = "$(inherited) @executable_path/Frameworks @loader_path/Frameworks";
				PRODUCT_BUNDLE_IDENTIFIER = tw.edu.ntut.csie.PhotoWallTests;
				PRODUCT_NAME = "$(TARGET_NAME)";
				TEST_HOST = "$(BUILT_PRODUCTS_DIR)/PhotoWall.app/PhotoWall";
			};
			name = Debug;
		};
		6539F5A01EC557040096E016 /* Release */ = {
			isa = XCBuildConfiguration;
			baseConfigurationReference = 77D7CD83F4177C82A481E954 /* Pods-PhotoWall-PhotoWallTests.release.xcconfig */;
			buildSettings = {
				BUNDLE_LOADER = "$(TEST_HOST)";
				INFOPLIST_FILE = PhotoWallTests/Info.plist;
				LD_RUNPATH_SEARCH_PATHS = "$(inherited) @executable_path/Frameworks @loader_path/Frameworks";
				PRODUCT_BUNDLE_IDENTIFIER = tw.edu.ntut.csie.PhotoWallTests;
				PRODUCT_NAME = "$(TARGET_NAME)";
				TEST_HOST = "$(BUILT_PRODUCTS_DIR)/PhotoWall.app/PhotoWall";
			};
			name = Release;
		};
/* End XCBuildConfiguration section */

/* Begin XCConfigurationList section */
		6539F5711EC557040096E016 /* Build configuration list for PBXProject "PhotoWall" */ = {
			isa = XCConfigurationList;
			buildConfigurations = (
				6539F5991EC557040096E016 /* Debug */,
				6539F59A1EC557040096E016 /* Release */,
			);
			defaultConfigurationIsVisible = 0;
			defaultConfigurationName = Release;
		};
		6539F59B1EC557040096E016 /* Build configuration list for PBXNativeTarget "PhotoWall" */ = {
			isa = XCConfigurationList;
			buildConfigurations = (
				6539F59C1EC557040096E016 /* Debug */,
				6539F59D1EC557040096E016 /* Release */,
			);
			defaultConfigurationIsVisible = 0;
			defaultConfigurationName = Release;
		};
		6539F59E1EC557040096E016 /* Build configuration list for PBXNativeTarget "PhotoWallTests" */ = {
			isa = XCConfigurationList;
			buildConfigurations = (
				6539F59F1EC557040096E016 /* Debug */,
				6539F5A01EC557040096E016 /* Release */,
			);
			defaultConfigurationIsVisible = 0;
			defaultConfigurationName = Release;
		};
/* End XCConfigurationList section */

/* Begin XCVersionGroup section */
		6539F5851EC557040096E016 /* PhotoWall.xcdatamodeld */ = {
			isa = XCVersionGroup;
			children = (
				65E0731F1ED83B45000DEE6A /* PhotoWall 2.xcdatamodel */,
				6539F5861EC557040096E016 /* PhotoWall.xcdatamodel */,
			);
			currentVersion = 65E0731F1ED83B45000DEE6A /* PhotoWall 2.xcdatamodel */;
			path = PhotoWall.xcdatamodeld;
			sourceTree = "<group>";
			versionGroupType = wrapper.xcdatamodel;
		};
/* End XCVersionGroup section */
	};
	rootObject = 6539F56E1EC557040096E016 /* Project object */;
}
